// !$*UTF8*$!
{
	archiveVersion = 1;
	classes = {
	};
	objectVersion = 46;
	objects = {

/* Begin PBXBuildFile section */
		DC6CA1491892D44B0082202B /* Foundation.framework in Frameworks */ = {isa = PBXBuildFile; fileRef = DC6CA1481892D44B0082202B /* Foundation.framework */; };
		DC6CA14B1892D44B0082202B /* CoreGraphics.framework in Frameworks */ = {isa = PBXBuildFile; fileRef = DC6CA14A1892D44B0082202B /* CoreGraphics.framework */; };
		DC6CA14D1892D44B0082202B /* UIKit.framework in Frameworks */ = {isa = PBXBuildFile; fileRef = DC6CA14C1892D44B0082202B /* UIKit.framework */; };
		DC6CA14F1892D44B0082202B /* SpriteKit.framework in Frameworks */ = {isa = PBXBuildFile; fileRef = DC6CA14E1892D44B0082202B /* SpriteKit.framework */; };
		DCA604B618BB8470000039F3 /* libSB+SpriteKit-iOS.a in Frameworks */ = {isa = PBXBuildFile; fileRef = DCA604AE18BB844C000039F3 /* libSB+SpriteKit-iOS.a */; };
		DCCA2BBD18931163001C0732 /* AppDelegate.m in Sources */ = {isa = PBXBuildFile; fileRef = DCCA2B3318931163001C0732 /* AppDelegate.m */; };
		DCCA2BBE18931163001C0732 /* Main_iPad.storyboard in Resources */ = {isa = PBXBuildFile; fileRef = DCCA2B3418931163001C0732 /* Main_iPad.storyboard */; };
		DCCA2BBF18931163001C0732 /* Main_iPhone.storyboard in Resources */ = {isa = PBXBuildFile; fileRef = DCCA2B3618931163001C0732 /* Main_iPhone.storyboard */; };
		DCCA2BC018931163001C0732 /* InfoPlist.strings in Resources */ = {isa = PBXBuildFile; fileRef = DCCA2B3818931163001C0732 /* InfoPlist.strings */; };
		DCCA2BC118931163001C0732 /* Images.xcassets in Resources */ = {isa = PBXBuildFile; fileRef = DCCA2B3A18931163001C0732 /* Images.xcassets */; };
		DCCA2BC218931163001C0732 /* main.m in Sources */ = {isa = PBXBuildFile; fileRef = DCCA2B3B18931163001C0732 /* main.m */; };
		DCCA2BC318931163001C0732 /* MainScene.m in Sources */ = {isa = PBXBuildFile; fileRef = DCCA2B3D18931163001C0732 /* MainScene.m */; };
		DCCA2C3318931163001C0732 /* ViewController.m in Sources */ = {isa = PBXBuildFile; fileRef = DCCA2BBC18931163001C0732 /* ViewController.m */; };
		DCCA2C36189312C4001C0732 /* OpenAL.framework in Frameworks */ = {isa = PBXBuildFile; fileRef = DCCA2C35189312C4001C0732 /* OpenAL.framework */; };
		DCCA2C38189312DF001C0732 /* Published-iOS in Resources */ = {isa = PBXBuildFile; fileRef = DCCA2C37189312DF001C0732 /* Published-iOS */; };
		DCD391F018C4D02B0091240C /* Default-568h@2x.png in Resources */ = {isa = PBXBuildFile; fileRef = DCD391E018C4D02B0091240C /* Default-568h@2x.png */; };
		DCD391F118C4D02B0091240C /* Default-Landscape@2x~ipad.png in Resources */ = {isa = PBXBuildFile; fileRef = DCD391E118C4D02B0091240C /* Default-Landscape@2x~ipad.png */; };
		DCD391F218C4D02B0091240C /* Default-Landscape~ipad.png in Resources */ = {isa = PBXBuildFile; fileRef = DCD391E218C4D02B0091240C /* Default-Landscape~ipad.png */; };
		DCD391F318C4D02B0091240C /* Default.png in Resources */ = {isa = PBXBuildFile; fileRef = DCD391E318C4D02B0091240C /* Default.png */; };
		DCD391F418C4D02B0091240C /* Default@2x.png in Resources */ = {isa = PBXBuildFile; fileRef = DCD391E418C4D02B0091240C /* Default@2x.png */; };
		DCD391F518C4D02B0091240C /* iPad-old.png in Resources */ = {isa = PBXBuildFile; fileRef = DCD391E618C4D02B0091240C /* iPad-old.png */; };
		DCD391F618C4D02B0091240C /* iPad-old@2x.png in Resources */ = {isa = PBXBuildFile; fileRef = DCD391E718C4D02B0091240C /* iPad-old@2x.png */; };
		DCD391F718C4D02B0091240C /* iPad.png in Resources */ = {isa = PBXBuildFile; fileRef = DCD391E818C4D02B0091240C /* iPad.png */; };
		DCD391F818C4D02B0091240C /* iPad@2x.png in Resources */ = {isa = PBXBuildFile; fileRef = DCD391E918C4D02B0091240C /* iPad@2x.png */; };
		DCD391F918C4D02B0091240C /* iPhone-old.png in Resources */ = {isa = PBXBuildFile; fileRef = DCD391EA18C4D02B0091240C /* iPhone-old.png */; };
		DCD391FA18C4D02B0091240C /* iPhone-old@2x.png in Resources */ = {isa = PBXBuildFile; fileRef = DCD391EB18C4D02B0091240C /* iPhone-old@2x.png */; };
		DCD391FB18C4D02B0091240C /* iPhone.png in Resources */ = {isa = PBXBuildFile; fileRef = DCD391EC18C4D02B0091240C /* iPhone.png */; };
		DCD391FC18C4D02B0091240C /* iPhone@2x.png in Resources */ = {isa = PBXBuildFile; fileRef = DCD391ED18C4D02B0091240C /* iPhone@2x.png */; };
		DCD391FD18C4D02B0091240C /* Settings.png in Resources */ = {isa = PBXBuildFile; fileRef = DCD391EE18C4D02B0091240C /* Settings.png */; };
		DCD391FE18C4D02B0091240C /* Settings@2x.png in Resources */ = {isa = PBXBuildFile; fileRef = DCD391EF18C4D02B0091240C /* Settings@2x.png */; };
/* End PBXBuildFile section */

/* Begin PBXContainerItemProxy section */
		DCA604AD18BB844C000039F3 /* PBXContainerItemProxy */ = {
			isa = PBXContainerItemProxy;
			containerPortal = DCA604A818BB844C000039F3 /* SB+SpriteKit.xcodeproj */;
			proxyType = 2;
			remoteGlobalIDString = DCD9CF2E18A14908008B3444;
			remoteInfo = "SB+SpriteKit-iOS";
		};
		DCA604AF18BB844C000039F3 /* PBXContainerItemProxy */ = {
			isa = PBXContainerItemProxy;
			containerPortal = DCA604A818BB844C000039F3 /* SB+SpriteKit.xcodeproj */;
			proxyType = 2;
			remoteGlobalIDString = DCD9CF0018A148AA008B3444;
			remoteInfo = "SB+SpriteKit-OSX";
		};
		DCA604B218BB8466000039F3 /* PBXContainerItemProxy */ = {
			isa = PBXContainerItemProxy;
			containerPortal = DCA604A818BB844C000039F3 /* SB+SpriteKit.xcodeproj */;
			proxyType = 1;
			remoteGlobalIDString = DCD9CF2D18A14908008B3444;
			remoteInfo = "SB+SpriteKit-iOS";
		};
/* End PBXContainerItemProxy section */

/* Begin PBXFileReference section */
		DC6CA1451892D44B0082202B /* SPRITEKITPROJECTNAME.app */ = {isa = PBXFileReference; explicitFileType = wrapper.application; includeInIndex = 0; path = SPRITEKITPROJECTNAME.app; sourceTree = BUILT_PRODUCTS_DIR; };
		DC6CA1481892D44B0082202B /* Foundation.framework */ = {isa = PBXFileReference; lastKnownFileType = wrapper.framework; name = Foundation.framework; path = System/Library/Frameworks/Foundation.framework; sourceTree = SDKROOT; };
		DC6CA14A1892D44B0082202B /* CoreGraphics.framework */ = {isa = PBXFileReference; lastKnownFileType = wrapper.framework; name = CoreGraphics.framework; path = System/Library/Frameworks/CoreGraphics.framework; sourceTree = SDKROOT; };
		DC6CA14C1892D44B0082202B /* UIKit.framework */ = {isa = PBXFileReference; lastKnownFileType = wrapper.framework; name = UIKit.framework; path = System/Library/Frameworks/UIKit.framework; sourceTree = SDKROOT; };
		DC6CA14E1892D44B0082202B /* SpriteKit.framework */ = {isa = PBXFileReference; lastKnownFileType = wrapper.framework; name = SpriteKit.framework; path = System/Library/Frameworks/SpriteKit.framework; sourceTree = SDKROOT; };
		DC6CA1711892D44C0082202B /* XCTest.framework */ = {isa = PBXFileReference; lastKnownFileType = wrapper.framework; name = XCTest.framework; path = Library/Frameworks/XCTest.framework; sourceTree = DEVELOPER_DIR; };
		DCA604A818BB844C000039F3 /* SB+SpriteKit.xcodeproj */ = {isa = PBXFileReference; lastKnownFileType = "wrapper.pb-project"; path = "SB+SpriteKit.xcodeproj"; sourceTree = "<group>"; };
		DCCA2B3218931163001C0732 /* AppDelegate.h */ = {isa = PBXFileReference; fileEncoding = 4; lastKnownFileType = sourcecode.c.h; path = AppDelegate.h; sourceTree = "<group>"; };
		DCCA2B3318931163001C0732 /* AppDelegate.m */ = {isa = PBXFileReference; fileEncoding = 4; lastKnownFileType = sourcecode.c.objc; path = AppDelegate.m; sourceTree = "<group>"; };
		DCCA2B3518931163001C0732 /* Base */ = {isa = PBXFileReference; lastKnownFileType = file.storyboard; name = Base; path = Base.lproj/Main_iPad.storyboard; sourceTree = "<group>"; };
		DCCA2B3718931163001C0732 /* Base */ = {isa = PBXFileReference; lastKnownFileType = file.storyboard; name = Base; path = Base.lproj/Main_iPhone.storyboard; sourceTree = "<group>"; };
		DCCA2B3918931163001C0732 /* en */ = {isa = PBXFileReference; lastKnownFileType = text.plist.strings; name = en; path = en.lproj/InfoPlist.strings; sourceTree = "<group>"; };
		DCCA2B3A18931163001C0732 /* Images.xcassets */ = {isa = PBXFileReference; lastKnownFileType = folder.assetcatalog; path = Images.xcassets; sourceTree = "<group>"; };
		DCCA2B3B18931163001C0732 /* main.m */ = {isa = PBXFileReference; fileEncoding = 4; lastKnownFileType = sourcecode.c.objc; path = main.m; sourceTree = "<group>"; };
		DCCA2B3C18931163001C0732 /* MainScene.h */ = {isa = PBXFileReference; fileEncoding = 4; lastKnownFileType = sourcecode.c.h; path = MainScene.h; sourceTree = "<group>"; };
		DCCA2B3D18931163001C0732 /* MainScene.m */ = {isa = PBXFileReference; fileEncoding = 4; lastKnownFileType = sourcecode.c.objc; path = MainScene.m; sourceTree = "<group>"; };
		DCCA2BB918931163001C0732 /* Info.plist */ = {isa = PBXFileReference; fileEncoding = 4; lastKnownFileType = text.plist.xml; path = Info.plist; sourceTree = "<group>"; };
		DCCA2BBA18931163001C0732 /* Prefix.pch */ = {isa = PBXFileReference; fileEncoding = 4; lastKnownFileType = sourcecode.c.h; path = Prefix.pch; sourceTree = "<group>"; };
		DCCA2BBB18931163001C0732 /* ViewController.h */ = {isa = PBXFileReference; fileEncoding = 4; lastKnownFileType = sourcecode.c.h; path = ViewController.h; sourceTree = "<group>"; };
		DCCA2BBC18931163001C0732 /* ViewController.m */ = {isa = PBXFileReference; fileEncoding = 4; lastKnownFileType = sourcecode.c.objc; path = ViewController.m; sourceTree = "<group>"; };
		DCCA2C35189312C4001C0732 /* OpenAL.framework */ = {isa = PBXFileReference; lastKnownFileType = wrapper.framework; name = OpenAL.framework; path = System/Library/Frameworks/OpenAL.framework; sourceTree = SDKROOT; };
		DCCA2C37189312DF001C0732 /* Published-iOS */ = {isa = PBXFileReference; lastKnownFileType = folder; path = "Published-iOS"; sourceTree = "<group>"; };
		DCD391E018C4D02B0091240C /* Default-568h@2x.png */ = {isa = PBXFileReference; lastKnownFileType = image.png; path = "Default-568h@2x.png"; sourceTree = "<group>"; };
		DCD391E118C4D02B0091240C /* Default-Landscape@2x~ipad.png */ = {isa = PBXFileReference; lastKnownFileType = image.png; path = "Default-Landscape@2x~ipad.png"; sourceTree = "<group>"; };
		DCD391E218C4D02B0091240C /* Default-Landscape~ipad.png */ = {isa = PBXFileReference; lastKnownFileType = image.png; path = "Default-Landscape~ipad.png"; sourceTree = "<group>"; };
		DCD391E318C4D02B0091240C /* Default.png */ = {isa = PBXFileReference; lastKnownFileType = image.png; path = Default.png; sourceTree = "<group>"; };
		DCD391E418C4D02B0091240C /* Default@2x.png */ = {isa = PBXFileReference; lastKnownFileType = image.png; path = "Default@2x.png"; sourceTree = "<group>"; };
		DCD391E618C4D02B0091240C /* iPad-old.png */ = {isa = PBXFileReference; lastKnownFileType = image.png; path = "iPad-old.png"; sourceTree = "<group>"; };
		DCD391E718C4D02B0091240C /* iPad-old@2x.png */ = {isa = PBXFileReference; lastKnownFileType = image.png; path = "iPad-old@2x.png"; sourceTree = "<group>"; };
		DCD391E818C4D02B0091240C /* iPad.png */ = {isa = PBXFileReference; lastKnownFileType = image.png; path = iPad.png; sourceTree = "<group>"; };
		DCD391E918C4D02B0091240C /* iPad@2x.png */ = {isa = PBXFileReference; lastKnownFileType = image.png; path = "iPad@2x.png"; sourceTree = "<group>"; };
		DCD391EA18C4D02B0091240C /* iPhone-old.png */ = {isa = PBXFileReference; lastKnownFileType = image.png; path = "iPhone-old.png"; sourceTree = "<group>"; };
		DCD391EB18C4D02B0091240C /* iPhone-old@2x.png */ = {isa = PBXFileReference; lastKnownFileType = image.png; path = "iPhone-old@2x.png"; sourceTree = "<group>"; };
		DCD391EC18C4D02B0091240C /* iPhone.png */ = {isa = PBXFileReference; lastKnownFileType = image.png; path = iPhone.png; sourceTree = "<group>"; };
		DCD391ED18C4D02B0091240C /* iPhone@2x.png */ = {isa = PBXFileReference; lastKnownFileType = image.png; path = "iPhone@2x.png"; sourceTree = "<group>"; };
		DCD391EE18C4D02B0091240C /* Settings.png */ = {isa = PBXFileReference; lastKnownFileType = image.png; path = Settings.png; sourceTree = "<group>"; };
		DCD391EF18C4D02B0091240C /* Settings@2x.png */ = {isa = PBXFileReference; lastKnownFileType = image.png; path = "Settings@2x.png"; sourceTree = "<group>"; };
/* End PBXFileReference section */

/* Begin PBXFrameworksBuildPhase section */
		DC6CA1421892D44B0082202B /* Frameworks */ = {
			isa = PBXFrameworksBuildPhase;
			buildActionMask = 2147483647;
			files = (
				DCA604B618BB8470000039F3 /* libSB+SpriteKit-iOS.a in Frameworks */,
				DCCA2C36189312C4001C0732 /* OpenAL.framework in Frameworks */,
				DC6CA14B1892D44B0082202B /* CoreGraphics.framework in Frameworks */,
				DC6CA14D1892D44B0082202B /* UIKit.framework in Frameworks */,
				DC6CA14F1892D44B0082202B /* SpriteKit.framework in Frameworks */,
				DC6CA1491892D44B0082202B /* Foundation.framework in Frameworks */,
			);
			runOnlyForDeploymentPostprocessing = 0;
		};
/* End PBXFrameworksBuildPhase section */

/* Begin PBXGroup section */
		DC3DD3DA18A95B430004D2AC /* SpriteKit */ = {
			isa = PBXGroup;
			children = (
				DCA604A818BB844C000039F3 /* SB+SpriteKit.xcodeproj */,
			);
			path = SpriteKit;
			sourceTree = "<group>";
		};
		DC6CA13C1892D44B0082202B = {
			isa = PBXGroup;
			children = (
				DCCA2B3118931163001C0732 /* Source */,
				DC6CA1471892D44B0082202B /* Frameworks */,
				DC6CA1461892D44B0082202B /* Products */,
			);
			sourceTree = "<group>";
		};
		DC6CA1461892D44B0082202B /* Products */ = {
			isa = PBXGroup;
			children = (
				DC6CA1451892D44B0082202B /* SPRITEKITPROJECTNAME.app */,
			);
			name = Products;
			sourceTree = "<group>";
		};
		DC6CA1471892D44B0082202B /* Frameworks */ = {
			isa = PBXGroup;
			children = (
				DCCA2C35189312C4001C0732 /* OpenAL.framework */,
				DC6CA1481892D44B0082202B /* Foundation.framework */,
				DC6CA14A1892D44B0082202B /* CoreGraphics.framework */,
				DC6CA14C1892D44B0082202B /* UIKit.framework */,
				DC6CA14E1892D44B0082202B /* SpriteKit.framework */,
				DC6CA1711892D44C0082202B /* XCTest.framework */,
			);
			name = Frameworks;
			sourceTree = "<group>";
		};
		DCA604A918BB844C000039F3 /* Products */ = {
			isa = PBXGroup;
			children = (
				DCA604AE18BB844C000039F3 /* libSB+SpriteKit-iOS.a */,
				DCA604B018BB844C000039F3 /* libSB+SpriteKit-OSX.a */,
			);
			name = Products;
			sourceTree = "<group>";
		};
		DCCA2B3118931163001C0732 /* Source */ = {
			isa = PBXGroup;
			children = (
				DCD9CFDC18A15281008B3444 /* libs */,
				DCCA2C341893116F001C0732 /* Supporting Files */,
				DCCA2B3A18931163001C0732 /* Images.xcassets */,
				DCCA2B3418931163001C0732 /* Main_iPad.storyboard */,
				DCCA2B3618931163001C0732 /* Main_iPhone.storyboard */,
				DCCA2B3218931163001C0732 /* AppDelegate.h */,
				DCCA2B3318931163001C0732 /* AppDelegate.m */,
				DCCA2BBB18931163001C0732 /* ViewController.h */,
				DCCA2BBC18931163001C0732 /* ViewController.m */,
				DCCA2B3C18931163001C0732 /* MainScene.h */,
				DCCA2B3D18931163001C0732 /* MainScene.m */,
				DCCA2B3E18931163001C0732 /* Resources */,
			);
			path = Source;
			sourceTree = "<group>";
		};
		DCCA2B3E18931163001C0732 /* Resources */ = {
			isa = PBXGroup;
			children = (
				DCD391E018C4D02B0091240C /* Default-568h@2x.png */,
				DCD391E118C4D02B0091240C /* Default-Landscape@2x~ipad.png */,
				DCD391E218C4D02B0091240C /* Default-Landscape~ipad.png */,
				DCD391E318C4D02B0091240C /* Default.png */,
				DCD391E418C4D02B0091240C /* Default@2x.png */,
				DCD391E518C4D02B0091240C /* Icons */,
				DCCA2C37189312DF001C0732 /* Published-iOS */,
			);
			path = Resources;
			sourceTree = "<group>";
		};
		DCCA2C341893116F001C0732 /* Supporting Files */ = {
			isa = PBXGroup;
			children = (
				DCCA2B3818931163001C0732 /* InfoPlist.strings */,
				DCCA2B3B18931163001C0732 /* main.m */,
				DCCA2BB918931163001C0732 /* Info.plist */,
				DCCA2BBA18931163001C0732 /* Prefix.pch */,
			);
			name = "Supporting Files";
			sourceTree = "<group>";
		};
		DCD391E518C4D02B0091240C /* Icons */ = {
			isa = PBXGroup;
			children = (
				DCD391E618C4D02B0091240C /* iPad-old.png */,
				DCD391E718C4D02B0091240C /* iPad-old@2x.png */,
				DCD391E818C4D02B0091240C /* iPad.png */,
				DCD391E918C4D02B0091240C /* iPad@2x.png */,
				DCD391EA18C4D02B0091240C /* iPhone-old.png */,
				DCD391EB18C4D02B0091240C /* iPhone-old@2x.png */,
				DCD391EC18C4D02B0091240C /* iPhone.png */,
				DCD391ED18C4D02B0091240C /* iPhone@2x.png */,
				DCD391EE18C4D02B0091240C /* Settings.png */,
				DCD391EF18C4D02B0091240C /* Settings@2x.png */,
			);
			path = Icons;
			sourceTree = "<group>";
		};
		DCD9CFDC18A15281008B3444 /* libs */ = {
			isa = PBXGroup;
			children = (
				DC3DD3DA18A95B430004D2AC /* SpriteKit */,
			);
			path = libs;
			sourceTree = "<group>";
		};
/* End PBXGroup section */

/* Begin PBXNativeTarget section */
		DC6CA1441892D44B0082202B /* SPRITEKITPROJECTNAME */ = {
			isa = PBXNativeTarget;
			buildConfigurationList = DC6CA1811892D44C0082202B /* Build configuration list for PBXNativeTarget "SPRITEKITPROJECTNAME" */;
			buildPhases = (
				DC6CA1411892D44B0082202B /* Sources */,
				DC6CA1421892D44B0082202B /* Frameworks */,
				DC6CA1431892D44B0082202B /* Resources */,
			);
			buildRules = (
			);
			dependencies = (
				DCA604B318BB8466000039F3 /* PBXTargetDependency */,
			);
			name = SPRITEKITPROJECTNAME;
			productName = SPRITEKITPROJECTNAME;
			productReference = DC6CA1451892D44B0082202B /* SPRITEKITPROJECTNAME.app */;
			productType = "com.apple.product-type.application";
		};
/* End PBXNativeTarget section */

/* Begin PBXProject section */
		DC6CA13D1892D44B0082202B /* Project object */ = {
			isa = PBXProject;
			attributes = {
				LastUpgradeCheck = 0510;
				ORGANIZATIONNAME = Apportable;
			};
			buildConfigurationList = DC6CA1401892D44B0082202B /* Build configuration list for PBXProject "SPRITEKITPROJECTNAME" */;
			compatibilityVersion = "Xcode 3.2";
			developmentRegion = English;
			hasScannedForEncodings = 0;
			knownRegions = (
				en,
				Base,
			);
			mainGroup = DC6CA13C1892D44B0082202B;
			productRefGroup = DC6CA1461892D44B0082202B /* Products */;
			projectDirPath = "";
			projectReferences = (
				{
					ProductGroup = DCA604A918BB844C000039F3 /* Products */;
					ProjectRef = DCA604A818BB844C000039F3 /* SB+SpriteKit.xcodeproj */;
				},
			);
			projectRoot = "";
			targets = (
				DC6CA1441892D44B0082202B /* SPRITEKITPROJECTNAME */,
			);
		};
/* End PBXProject section */

/* Begin PBXReferenceProxy section */
		DCA604AE18BB844C000039F3 /* libSB+SpriteKit-iOS.a */ = {
			isa = PBXReferenceProxy;
			fileType = archive.ar;
			path = "libSB+SpriteKit-iOS.a";
			remoteRef = DCA604AD18BB844C000039F3 /* PBXContainerItemProxy */;
			sourceTree = BUILT_PRODUCTS_DIR;
		};
		DCA604B018BB844C000039F3 /* libSB+SpriteKit-OSX.a */ = {
			isa = PBXReferenceProxy;
			fileType = archive.ar;
			path = "libSB+SpriteKit-OSX.a";
			remoteRef = DCA604AF18BB844C000039F3 /* PBXContainerItemProxy */;
			sourceTree = BUILT_PRODUCTS_DIR;
		};
/* End PBXReferenceProxy section */

/* Begin PBXResourcesBuildPhase section */
		DC6CA1431892D44B0082202B /* Resources */ = {
			isa = PBXResourcesBuildPhase;
			buildActionMask = 2147483647;
			files = (
				DCCA2BBE18931163001C0732 /* Main_iPad.storyboard in Resources */,
				DCD391F318C4D02B0091240C /* Default.png in Resources */,
				DCD391F418C4D02B0091240C /* Default@2x.png in Resources */,
				DCD391F518C4D02B0091240C /* iPad-old.png in Resources */,
				DCCA2BC118931163001C0732 /* Images.xcassets in Resources */,
				DCD391FC18C4D02B0091240C /* iPhone@2x.png in Resources */,
				DCCA2BC018931163001C0732 /* InfoPlist.strings in Resources */,
				DCD391F618C4D02B0091240C /* iPad-old@2x.png in Resources */,
				DCD391FD18C4D02B0091240C /* Settings.png in Resources */,
				DCD391FB18C4D02B0091240C /* iPhone.png in Resources */,
				DCD391F718C4D02B0091240C /* iPad.png in Resources */,
				DCD391F818C4D02B0091240C /* iPad@2x.png in Resources */,
				DCD391F118C4D02B0091240C /* Default-Landscape@2x~ipad.png in Resources */,
				DCCA2C38189312DF001C0732 /* Published-iOS in Resources */,
				DCD391F918C4D02B0091240C /* iPhone-old.png in Resources */,
				DCCA2BBF18931163001C0732 /* Main_iPhone.storyboard in Resources */,
				DCD391FA18C4D02B0091240C /* iPhone-old@2x.png in Resources */,
				DCD391FE18C4D02B0091240C /* Settings@2x.png in Resources */,
				DCD391F218C4D02B0091240C /* Default-Landscape~ipad.png in Resources */,
				DCD391F018C4D02B0091240C /* Default-568h@2x.png in Resources */,
			);
			runOnlyForDeploymentPostprocessing = 0;
		};
/* End PBXResourcesBuildPhase section */

/* Begin PBXSourcesBuildPhase section */
		DC6CA1411892D44B0082202B /* Sources */ = {
			isa = PBXSourcesBuildPhase;
			buildActionMask = 2147483647;
			files = (
				DCCA2C3318931163001C0732 /* ViewController.m in Sources */,
				DCCA2BC218931163001C0732 /* main.m in Sources */,
				DCCA2BC318931163001C0732 /* MainScene.m in Sources */,
				DCCA2BBD18931163001C0732 /* AppDelegate.m in Sources */,
			);
			runOnlyForDeploymentPostprocessing = 0;
		};
/* End PBXSourcesBuildPhase section */

/* Begin PBXTargetDependency section */
		DCA604B318BB8466000039F3 /* PBXTargetDependency */ = {
			isa = PBXTargetDependency;
			name = "SB+SpriteKit-iOS";
			targetProxy = DCA604B218BB8466000039F3 /* PBXContainerItemProxy */;
		};
/* End PBXTargetDependency section */

/* Begin PBXVariantGroup section */
		DCCA2B3418931163001C0732 /* Main_iPad.storyboard */ = {
			isa = PBXVariantGroup;
			children = (
				DCCA2B3518931163001C0732 /* Base */,
			);
			name = Main_iPad.storyboard;
			sourceTree = "<group>";
		};
		DCCA2B3618931163001C0732 /* Main_iPhone.storyboard */ = {
			isa = PBXVariantGroup;
			children = (
				DCCA2B3718931163001C0732 /* Base */,
			);
			name = Main_iPhone.storyboard;
			sourceTree = "<group>";
		};
		DCCA2B3818931163001C0732 /* InfoPlist.strings */ = {
			isa = PBXVariantGroup;
			children = (
				DCCA2B3918931163001C0732 /* en */,
			);
			name = InfoPlist.strings;
			sourceTree = "<group>";
		};
/* End PBXVariantGroup section */

/* Begin XCBuildConfiguration section */
		DC6CA17F1892D44C0082202B /* Debug */ = {
			isa = XCBuildConfiguration;
			buildSettings = {
				ALWAYS_SEARCH_USER_PATHS = NO;
				CLANG_CXX_LANGUAGE_STANDARD = "gnu++0x";
				CLANG_CXX_LIBRARY = "libc++";
				CLANG_ENABLE_MODULES = YES;
				CLANG_ENABLE_OBJC_ARC = YES;
				CLANG_WARN_BOOL_CONVERSION = YES;
				CLANG_WARN_CONSTANT_CONVERSION = YES;
				CLANG_WARN_DIRECT_OBJC_ISA_USAGE = YES_ERROR;
				CLANG_WARN_EMPTY_BODY = YES;
				CLANG_WARN_ENUM_CONVERSION = YES;
				CLANG_WARN_INT_CONVERSION = YES;
				CLANG_WARN_OBJC_ROOT_CLASS = YES_ERROR;
				CLANG_WARN__DUPLICATE_METHOD_MATCH = YES;
				"CODE_SIGN_IDENTITY[sdk=iphoneos*]" = "iPhone Developer";
				COPY_PHASE_STRIP = NO;
				GCC_C_LANGUAGE_STANDARD = gnu99;
				GCC_DYNAMIC_NO_PIC = NO;
				GCC_OPTIMIZATION_LEVEL = 0;
				GCC_PREFIX_HEADER = Source/Prefix.pch;
				GCC_PREPROCESSOR_DEFINITIONS = (
					"DEBUG=1",
					"CCB_SPRITEKIT_READER=1",
					"$(inherited)",
				);
				GCC_SYMBOLS_PRIVATE_EXTERN = NO;
				GCC_WARN_64_TO_32_BIT_CONVERSION = YES;
				GCC_WARN_ABOUT_RETURN_TYPE = YES_ERROR;
				GCC_WARN_UNDECLARED_SELECTOR = YES;
				GCC_WARN_UNINITIALIZED_AUTOS = YES;
				GCC_WARN_UNUSED_FUNCTION = YES;
				GCC_WARN_UNUSED_VARIABLE = YES;
				HEADER_SEARCH_PATHS = (
					"Source/libs/SpriteKit/**",
					"$(inherited)",
				);
				INFOPLIST_FILE = Source/Info.plist;
				IPHONEOS_DEPLOYMENT_TARGET = 7.0;
				ONLY_ACTIVE_ARCH = YES;
				SDKROOT = iphoneos;
				TARGETED_DEVICE_FAMILY = "1,2";
			};
			name = Debug;
		};
		DC6CA1801892D44C0082202B /* Release */ = {
			isa = XCBuildConfiguration;
			buildSettings = {
				ALWAYS_SEARCH_USER_PATHS = NO;
				CLANG_CXX_LANGUAGE_STANDARD = "gnu++0x";
				CLANG_CXX_LIBRARY = "libc++";
				CLANG_ENABLE_MODULES = YES;
				CLANG_ENABLE_OBJC_ARC = YES;
				CLANG_WARN_BOOL_CONVERSION = YES;
				CLANG_WARN_CONSTANT_CONVERSION = YES;
				CLANG_WARN_DIRECT_OBJC_ISA_USAGE = YES_ERROR;
				CLANG_WARN_EMPTY_BODY = YES;
				CLANG_WARN_ENUM_CONVERSION = YES;
				CLANG_WARN_INT_CONVERSION = YES;
				CLANG_WARN_OBJC_ROOT_CLASS = YES_ERROR;
				CLANG_WARN__DUPLICATE_METHOD_MATCH = YES;
				"CODE_SIGN_IDENTITY[sdk=iphoneos*]" = "iPhone Developer";
				COPY_PHASE_STRIP = YES;
				ENABLE_NS_ASSERTIONS = NO;
				GCC_C_LANGUAGE_STANDARD = gnu99;
				GCC_PREFIX_HEADER = Source/Prefix.pch;
				GCC_PREPROCESSOR_DEFINITIONS = "CCB_SPRITEKIT_READER=1";
				GCC_WARN_64_TO_32_BIT_CONVERSION = YES;
				GCC_WARN_ABOUT_RETURN_TYPE = YES_ERROR;
				GCC_WARN_UNDECLARED_SELECTOR = YES;
				GCC_WARN_UNINITIALIZED_AUTOS = YES;
				GCC_WARN_UNUSED_FUNCTION = YES;
				GCC_WARN_UNUSED_VARIABLE = YES;
				HEADER_SEARCH_PATHS = (
					"Source/libs/SpriteKit/**",
					"$(inherited)",
				);
				INFOPLIST_FILE = Source/Info.plist;
				IPHONEOS_DEPLOYMENT_TARGET = 7.0;
				SDKROOT = iphoneos;
				TARGETED_DEVICE_FAMILY = "1,2";
				VALIDATE_PRODUCT = YES;
			};
			name = Release;
		};
		DC6CA1821892D44C0082202B /* Debug */ = {
			isa = XCBuildConfiguration;
			buildSettings = {
				GCC_PRECOMPILE_PREFIX_HEADER = YES;
				OTHER_LDFLAGS = "-ObjC";
				PRODUCT_NAME = "$(TARGET_NAME)";
				SPRITEKIT_TEXTURE_ATLAS_OUTPUT = YES;
				WRAPPER_EXTENSION = app;
			};
			name = Debug;
		};
		DC6CA1831892D44C0082202B /* Release */ = {
			isa = XCBuildConfiguration;
			buildSettings = {
				GCC_PRECOMPILE_PREFIX_HEADER = YES;
				OTHER_LDFLAGS = "-ObjC";
				PRODUCT_NAME = "$(TARGET_NAME)";
				SPRITEKIT_TEXTURE_ATLAS_OUTPUT = YES;
				WRAPPER_EXTENSION = app;
			};
			name = Release;
		};
/* End XCBuildConfiguration section */

/* Begin XCConfigurationList section */
		DC6CA1401892D44B0082202B /* Build configuration list for PBXProject "SPRITEKITPROJECTNAME" */ = {
			isa = XCConfigurationList;
			buildConfigurations = (
				DC6CA17F1892D44C0082202B /* Debug */,
				DC6CA1801892D44C0082202B /* Release */,
			);
			defaultConfigurationIsVisible = 0;
			defaultConfigurationName = Release;
		};
		DC6CA1811892D44C0082202B /* Build configuration list for PBXNativeTarget "SPRITEKITPROJECTNAME" */ = {
			isa = XCConfigurationList;
			buildConfigurations = (
				DC6CA1821892D44C0082202B /* Debug */,
				DC6CA1831892D44C0082202B /* Release */,
			);
			defaultConfigurationIsVisible = 0;
			defaultConfigurationName = Release;
		};
/* End XCConfigurationList section */
	};
	rootObject = DC6CA13D1892D44B0082202B /* Project object */;
}
